
Microsoft Visual Studio Solution File, Format Version 12.00
# Visual Studio 15
VisualStudioVersion = 15.0.28307.421
MinimumVisualStudioVersion = 10.0.40219.1
Project("{8BC9CEB8-8B4A-11D0-8D11-00A0C91BC942}") = "공강시간표_엑셀함수명령어_자동생성기", "공강시간표_엑셀함수명령어_자동생성기\공강시간표_엑셀함수명령어_자동생성기.vcxproj", "{0F7F405B-E1C0-4072-B6C5-5A2D40B78604}"
EndProject
Global
	GlobalSection(SolutionConfigurationPlatforms) = preSolution
		Debug|x64 = Debug|x64
		Debug|x86 = Debug|x86
		Release|x64 = Release|x64
		Release|x86 = Release|x86
	EndGlobalSection
	GlobalSection(ProjectConfigurationPlatforms) = postSolution
		{0F7F405B-E1C0-4072-B6C5-5A2D40B78604}.Debug|x64.ActiveCfg = Debug|x64
		{0F7F405B-E1C0-4072-B6C5-5A2D40B78604}.Debug|x64.Build.0 = Debug|x64
		{0F7F405B-E1C0-4072-B6C5-5A2D40B78604}.Debug|x86.ActiveCfg = Debug|Win32
		{0F7F405B-E1C0-4072-B6C5-5A2D40B78604}.Debug|x86.Build.0 = Debug|Win32
		{0F7F405B-E1C0-4072-B6C5-5A2D40B78604}.Release|x64.ActiveCfg = Release|x64
		{0F7F405B-E1C0-4072-B6C5-5A2D40B78604}.Release|x64.Build.0 = Release|x64
		{0F7F405B-E1C0-4072-B6C5-5A2D40B78604}.Release|x86.ActiveCfg = Release|Win32
		{0F7F405B-E1C0-4072-B6C5-5A2D40B78604}.Release|x86.Build.0 = Release|Win32
	EndGlobalSection
	GlobalSection(SolutionProperties) = preSolution
		HideSolutionNode = FALSE
	EndGlobalSection
	GlobalSection(ExtensibilityGlobals) = postSolution
		SolutionGuid = {9CF7459B-D780-490B-A719-CD0E16FEF618}
	EndGlobalSection
EndGlobal
